
Microsoft Visual Studio Solution File, Format Version 12.00
# Visual Studio Version 16
VisualStudioVersion = 16.0.810.23
MinimumVisualStudioVersion = 10.0.40219.1
Project("{FAE04EC0-301F-11D3-BF4B-00C04F79EFBC}") = "Calculator", "Calculator.csproj", "{C87826BE-CF31-459B-86AB-00102E1A65CC}"
EndProject
Global
	GlobalSection(SolutionConfigurationPlatforms) = preSolution
		Debug|anycpu = Debug|anycpu
		Release|anycpu = Release|anycpu
	EndGlobalSection
	GlobalSection(ProjectConfigurationPlatforms) = postSolution
		{C87826BE-CF31-459B-86AB-00102E1A65CC}.Debug|anycpu.ActiveCfg = Debug|anycpu
		{C87826BE-CF31-459B-86AB-00102E1A65CC}.Debug|anycpu.Build.0 = Debug|anycpu
		{C87826BE-CF31-459B-86AB-00102E1A65CC}.Release|anycpu.ActiveCfg = Release|anycpu
		{C87826BE-CF31-459B-86AB-00102E1A65CC}.Release|anycpu.Build.0 = Release|anycpu
	EndGlobalSection
	GlobalSection(SolutionProperties) = preSolution
		HideSolutionNode = FALSE
	EndGlobalSection
	GlobalSection(ExtensibilityGlobals) = postSolution
		SolutionGuid = {1CDEE073-2C30-4483-9C1A-A00049C5364B}
	EndGlobalSection
EndGlobal
